
Microsoft Visual Studio Solution File, Format Version 12.00
# Visual Studio Version 16
VisualStudioVersion = 16.0.30717.126
MinimumVisualStudioVersion = 10.0.40219.1
Project("{FAE04EC0-301F-11D3-BF4B-00C04F79EFBC}") = "LabMaker", "LabMaker\LabMaker.csproj", "{5584AC10-6D27-4267-A7D7-E7A0F5C63354}"
EndProject
Global
	GlobalSection(SolutionConfigurationPlatforms) = preSolution
		Debug|Any CPU = Debug|Any CPU
		Release|Any CPU = Release|Any CPU
	EndGlobalSection
	GlobalSection(ProjectConfigurationPlatforms) = postSolution
		{5584AC10-6D27-4267-A7D7-E7A0F5C63354}.Debug|Any CPU.ActiveCfg = Debug|Any CPU
		{5584AC10-6D27-4267-A7D7-E7A0F5C63354}.Debug|Any CPU.Build.0 = Debug|Any CPU
		{5584AC10-6D27-4267-A7D7-E7A0F5C63354}.Release|Any CPU.ActiveCfg = Release|Any CPU
		{5584AC10-6D27-4267-A7D7-E7A0F5C63354}.Release|Any CPU.Build.0 = Release|Any CPU
	EndGlobalSection
	GlobalSection(SolutionProperties) = preSolution
		HideSolutionNode = FALSE
	EndGlobalSection
	GlobalSection(ExtensibilityGlobals) = postSolution
		SolutionGuid = {AB991E47-DAE4-4F06-810E-58A6ED60164A}
	EndGlobalSection
EndGlobal
