
Microsoft Visual Studio Solution File, Format Version 12.00
# Visual Studio Version 16
VisualStudioVersion = 16.0.30717.126
MinimumVisualStudioVersion = 10.0.40219.1
Project("{FAE04EC0-301F-11D3-BF4B-00C04F79EFBC}") = "Lab7_5b", "Lab7_5b\Lab7_5b.csproj", "{ED96EC87-4FCF-45A9-8B52-5BB127CAD41B}"
EndProject
Global
	GlobalSection(SolutionConfigurationPlatforms) = preSolution
		Debug|Any CPU = Debug|Any CPU
		Release|Any CPU = Release|Any CPU
	EndGlobalSection
	GlobalSection(ProjectConfigurationPlatforms) = postSolution
		{ED96EC87-4FCF-45A9-8B52-5BB127CAD41B}.Debug|Any CPU.ActiveCfg = Debug|Any CPU
		{ED96EC87-4FCF-45A9-8B52-5BB127CAD41B}.Debug|Any CPU.Build.0 = Debug|Any CPU
		{ED96EC87-4FCF-45A9-8B52-5BB127CAD41B}.Release|Any CPU.ActiveCfg = Release|Any CPU
		{ED96EC87-4FCF-45A9-8B52-5BB127CAD41B}.Release|Any CPU.Build.0 = Release|Any CPU
	EndGlobalSection
	GlobalSection(SolutionProperties) = preSolution
		HideSolutionNode = FALSE
	EndGlobalSection
	GlobalSection(ExtensibilityGlobals) = postSolution
		SolutionGuid = {8041A8CB-EBF2-4DA3-8274-4F13DDFC7D34}
	EndGlobalSection
EndGlobal
