
Microsoft Visual Studio Solution File, Format Version 12.00
# Visual Studio Version 16
VisualStudioVersion = 16.0.30717.126
MinimumVisualStudioVersion = 10.0.40219.1
Project("{FAE04EC0-301F-11D3-BF4B-00C04F79EFBC}") = "Lab6_5B", "Lab6_5B\Lab6_5B.csproj", "{C66EDF98-8377-4BD1-894E-015EB87FB532}"
EndProject
Global
	GlobalSection(SolutionConfigurationPlatforms) = preSolution
		Debug|Any CPU = Debug|Any CPU
		Release|Any CPU = Release|Any CPU
	EndGlobalSection
	GlobalSection(ProjectConfigurationPlatforms) = postSolution
		{C66EDF98-8377-4BD1-894E-015EB87FB532}.Debug|Any CPU.ActiveCfg = Debug|Any CPU
		{C66EDF98-8377-4BD1-894E-015EB87FB532}.Debug|Any CPU.Build.0 = Debug|Any CPU
		{C66EDF98-8377-4BD1-894E-015EB87FB532}.Release|Any CPU.ActiveCfg = Release|Any CPU
		{C66EDF98-8377-4BD1-894E-015EB87FB532}.Release|Any CPU.Build.0 = Release|Any CPU
	EndGlobalSection
	GlobalSection(SolutionProperties) = preSolution
		HideSolutionNode = FALSE
	EndGlobalSection
	GlobalSection(ExtensibilityGlobals) = postSolution
		SolutionGuid = {0F57953F-6BB0-4F07-9EE8-613827DB1E5F}
	EndGlobalSection
EndGlobal
